
Microsoft Visual Studio Solution File, Format Version 12.00
# Visual Studio 14
VisualStudioVersion = 14.0.25420.1
MinimumVisualStudioVersion = 10.0.40219.1
Project("{FAE04EC0-301F-11D3-BF4B-00C04F79EFBC}") = "WorkshopLibrary", "WorkshopLibrary\WorkshopLibrary.csproj", "{94383BC7-926E-4991-B703-98D24428DA32}"
EndProject
Project("{FAE04EC0-301F-11D3-BF4B-00C04F79EFBC}") = "WorkshopHelperClasses", "WorkshopHelperClasses\WorkshopHelperClasses.csproj", "{60B8ADB2-CF9B-4731-A66C-2B182351D69E}"
EndProject
Project("{FAE04EC0-301F-11D3-BF4B-00C04F79EFBC}") = "UnitTestProject1", "UnitTestProject1\UnitTestProject1.csproj", "{71E22A37-A879-4B2C-8854-B0DDA09F46F2}"
EndProject
Global
	GlobalSection(SolutionConfigurationPlatforms) = preSolution
		Debug|Any CPU = Debug|Any CPU
		Release|Any CPU = Release|Any CPU
	EndGlobalSection
	GlobalSection(ProjectConfigurationPlatforms) = postSolution
		{94383BC7-926E-4991-B703-98D24428DA32}.Debug|Any CPU.ActiveCfg = Debug|Any CPU
		{94383BC7-926E-4991-B703-98D24428DA32}.Debug|Any CPU.Build.0 = Debug|Any CPU
		{94383BC7-926E-4991-B703-98D24428DA32}.Release|Any CPU.ActiveCfg = Release|Any CPU
		{94383BC7-926E-4991-B703-98D24428DA32}.Release|Any CPU.Build.0 = Release|Any CPU
		{60B8ADB2-CF9B-4731-A66C-2B182351D69E}.Debug|Any CPU.ActiveCfg = Debug|Any CPU
		{60B8ADB2-CF9B-4731-A66C-2B182351D69E}.Debug|Any CPU.Build.0 = Debug|Any CPU
		{60B8ADB2-CF9B-4731-A66C-2B182351D69E}.Release|Any CPU.ActiveCfg = Release|Any CPU
		{60B8ADB2-CF9B-4731-A66C-2B182351D69E}.Release|Any CPU.Build.0 = Release|Any CPU
		{71E22A37-A879-4B2C-8854-B0DDA09F46F2}.Debug|Any CPU.ActiveCfg = Debug|Any CPU
		{71E22A37-A879-4B2C-8854-B0DDA09F46F2}.Debug|Any CPU.Build.0 = Debug|Any CPU
		{71E22A37-A879-4B2C-8854-B0DDA09F46F2}.Release|Any CPU.ActiveCfg = Release|Any CPU
		{71E22A37-A879-4B2C-8854-B0DDA09F46F2}.Release|Any CPU.Build.0 = Release|Any CPU
	EndGlobalSection
	GlobalSection(SolutionProperties) = preSolution
		HideSolutionNode = FALSE
	EndGlobalSection
EndGlobal
